
Microsoft Visual Studio Solution File, Format Version 12.00
# Visual Studio Version 17
VisualStudioVersion = 17.4.33110.190
MinimumVisualStudioVersion = 10.0.40219.1
Project("{FAE04EC0-301F-11D3-BF4B-00C04F79EFBC}") = "Dapper_Basick", "Dapper_Basick\Dapper_Basick.csproj", "{66C011D5-B55B-4A20-A45C-9D530DC14348}"
EndProject
Global
	GlobalSection(SolutionConfigurationPlatforms) = preSolution
		Debug|Any CPU = Debug|Any CPU
		Release|Any CPU = Release|Any CPU
	EndGlobalSection
	GlobalSection(ProjectConfigurationPlatforms) = postSolution
		{66C011D5-B55B-4A20-A45C-9D530DC14348}.Debug|Any CPU.ActiveCfg = Debug|Any CPU
		{66C011D5-B55B-4A20-A45C-9D530DC14348}.Debug|Any CPU.Build.0 = Debug|Any CPU
		{66C011D5-B55B-4A20-A45C-9D530DC14348}.Release|Any CPU.ActiveCfg = Release|Any CPU
		{66C011D5-B55B-4A20-A45C-9D530DC14348}.Release|Any CPU.Build.0 = Release|Any CPU
	EndGlobalSection
	GlobalSection(SolutionProperties) = preSolution
		HideSolutionNode = FALSE
	EndGlobalSection
	GlobalSection(ExtensibilityGlobals) = postSolution
		SolutionGuid = {94E64F37-088B-4BA6-B165-3DA78C40E1D8}
	EndGlobalSection
EndGlobal
